
Microsoft Visual Studio Solution File, Format Version 12.00
# Visual Studio Version 16
VisualStudioVersion = 16.0.29905.134
MinimumVisualStudioVersion = 10.0.40219.1
Project("{FAE04EC0-301F-11D3-BF4B-00C04F79EFBC}") = "AutoPushAttendanceService", "AutoPushAttendanceService.csproj", "{22741D7E-0F05-4A0B-9725-D51CD1B6F69F}"
EndProject
Global
	GlobalSection(SolutionConfigurationPlatforms) = preSolution
		Debug|Any CPU = Debug|Any CPU
		Release|Any CPU = Release|Any CPU
	EndGlobalSection
	GlobalSection(ProjectConfigurationPlatforms) = postSolution
		{22741D7E-0F05-4A0B-9725-D51CD1B6F69F}.Debug|Any CPU.ActiveCfg = Debug|Any CPU
		{22741D7E-0F05-4A0B-9725-D51CD1B6F69F}.Debug|Any CPU.Build.0 = Debug|Any CPU
		{22741D7E-0F05-4A0B-9725-D51CD1B6F69F}.Release|Any CPU.ActiveCfg = Release|Any CPU
		{22741D7E-0F05-4A0B-9725-D51CD1B6F69F}.Release|Any CPU.Build.0 = Release|Any CPU
	EndGlobalSection
	GlobalSection(SolutionProperties) = preSolution
		HideSolutionNode = FALSE
	EndGlobalSection
	GlobalSection(ExtensibilityGlobals) = postSolution
		SolutionGuid = {A16B7FD0-A6DF-42E6-9B7F-B4A75949810D}
	EndGlobalSection
EndGlobal
